
Microsoft Visual Studio Solution File, Format Version 12.00
# Visual Studio 15
VisualStudioVersion = 15.0.27703.2042
MinimumVisualStudioVersion = 10.0.40219.1
Project("{FAE04EC0-301F-11D3-BF4B-00C04F79EFBC}") = "NonogramasDePelayo", "PelayoSNonograms\NonogramasDePelayo.csproj", "{32E47189-9CEA-42A9-BD37-D161A36D172F}"
EndProject
Global
	GlobalSection(SolutionConfigurationPlatforms) = preSolution
		Debug|Any CPU = Debug|Any CPU
		Release|Any CPU = Release|Any CPU
	EndGlobalSection
	GlobalSection(ProjectConfigurationPlatforms) = postSolution
		{32E47189-9CEA-42A9-BD37-D161A36D172F}.Debug|Any CPU.ActiveCfg = Debug|Any CPU
		{32E47189-9CEA-42A9-BD37-D161A36D172F}.Debug|Any CPU.Build.0 = Debug|Any CPU
		{32E47189-9CEA-42A9-BD37-D161A36D172F}.Release|Any CPU.ActiveCfg = Release|Any CPU
		{32E47189-9CEA-42A9-BD37-D161A36D172F}.Release|Any CPU.Build.0 = Release|Any CPU
	EndGlobalSection
	GlobalSection(SolutionProperties) = preSolution
		HideSolutionNode = FALSE
	EndGlobalSection
	GlobalSection(ExtensibilityGlobals) = postSolution
		SolutionGuid = {D687B398-61C1-4E78-B50B-D95FF6DB9E32}
	EndGlobalSection
EndGlobal
